{
    "_meta": {
        "hash": {
            "sha256": "3e0f553fb0efdb2886ddec8287e223117c7954f70425f7b3c4a35d037ec75e28"
        },
        "pipfile-spec": 6,
        "requires": {
            "python_version": "3.7"
        },
        "sources": [
            {
                "name": "pypi",
                "url": "https://pypi.org/simple",
                "verify_ssl": true
            }
        ]
    },
    "default": {
        "tinydb": {
            "hashes": [
                "sha256:260b1f69168a24518af63f0270c72dc026476607016a0105aef6a966d8d2fbdc",
                "sha256:a05c4c81e6e867c4f8a2e51c5236d0d897019aa5e9296f5947455b0bdd3c519d"
            ],
            "index": "pypi",
            "version": "==3.13.0"
        }
    },
    "develop": {}
}
